
Microsoft Visual Studio Solution File, Format Version 12.00
# Visual Studio 15
VisualStudioVersion = 15.0.27130.2020
MinimumVisualStudioVersion = 10.0.40219.1
Project("{9A19103F-16F7-4668-BE54-9A1E7A4F7556}") = "Homework", "Homework\Homework.csproj", "{9569C26C-2C45-4409-B49A-EF2A3F72EDBC}"
EndProject
Project("{9A19103F-16F7-4668-BE54-9A1E7A4F7556}") = "Bank", "Bank\Bank.csproj", "{8B43C297-F663-47CA-8AC1-4E8D81841406}"
EndProject
Project("{9A19103F-16F7-4668-BE54-9A1E7A4F7556}") = "FunWithStructures", "FunWithStructures\FunWithStructures.csproj", "{FF14213A-6B2F-485F-9C44-B6D0A87B085D}"
EndProject
Project("{9A19103F-16F7-4668-BE54-9A1E7A4F7556}") = "ValueandReferenceTypes", "ValueandReferenceTypes\ValueandReferenceTypes.csproj", "{2AC1B284-147E-4483-AA08-956C16F352FC}"
EndProject
Project("{9A19103F-16F7-4668-BE54-9A1E7A4F7556}") = "ValueandReferenceTypesV2", "ValueandReferenceTypesV2\ValueandReferenceTypesV2.csproj", "{CA46D604-FC24-4CBC-B4A0-8BB5E22C05FF}"
EndProject
Project("{9A19103F-16F7-4668-BE54-9A1E7A4F7556}") = "RefTypeValTypeParams", "RefTypeValTypeParams\RefTypeValTypeParams.csproj", "{8614CBCD-E886-424A-8A20-24D25E9E67AE}"
EndProject
Project("{9A19103F-16F7-4668-BE54-9A1E7A4F7556}") = "Overload", "Overload\Overload.csproj", "{71CF2B26-76DE-42B2-BAF3-0125D9CBCF35}"
EndProject
Project("{9A19103F-16F7-4668-BE54-9A1E7A4F7556}") = "Class", "Class\Class.csproj", "{209CFB23-5466-471B-BB33-1968271E788C}"
EndProject
Project("{9A19103F-16F7-4668-BE54-9A1E7A4F7556}") = "Courses", "Courses\Courses.csproj", "{CA4C1B80-C842-40E9-8F26-54EBBA97DF56}"
EndProject
Project("{9A19103F-16F7-4668-BE54-9A1E7A4F7556}") = "Calculation", "Calculation\Calculation.csproj", "{51DB7044-04E8-4A2D-9604-481FD4DDB4B3}"
EndProject
Project("{9A19103F-16F7-4668-BE54-9A1E7A4F7556}") = "Year", "Year\Year.csproj", "{540359B6-B023-43C9-9DBF-E2AF562A3700}"
EndProject
Project("{9A19103F-16F7-4668-BE54-9A1E7A4F7556}") = "Rubl", "Robot\Rubl.csproj", "{5E61999A-7DEE-4635-B61C-A1BD6EB572AF}"
EndProject
Project("{9A19103F-16F7-4668-BE54-9A1E7A4F7556}") = "Two", "Two\Two.csproj", "{EB7AC161-72F7-4FA2-A685-828062D1BD11}"
EndProject
Project("{9A19103F-16F7-4668-BE54-9A1E7A4F7556}") = "Space", "Space\Space.csproj", "{A9AE7515-6F9C-49AE-B434-62174663E872}"
EndProject
Project("{9A19103F-16F7-4668-BE54-9A1E7A4F7556}") = "Homework2", "Homework2\Homework2.csproj", "{6810FBCA-3F7B-462F-83EF-97EDCC3A3F44}"
EndProject
Project("{9A19103F-16F7-4668-BE54-9A1E7A4F7556}") = "Three", "Tree\Three.csproj", "{707D2582-22EC-43BF-AE54-C894E35A020C}"
EndProject
Project("{9A19103F-16F7-4668-BE54-9A1E7A4F7556}") = "While", "While\While.csproj", "{C60614C1-8521-41AC-81DD-9BE11F3986B3}"
EndProject
Project("{9A19103F-16F7-4668-BE54-9A1E7A4F7556}") = "Ramochka", "Ramochka\Ramochka.csproj", "{DF84F47E-15C6-4C61-B0BF-2950BB711665}"
EndProject
Project("{9A19103F-16F7-4668-BE54-9A1E7A4F7556}") = "Chess", "Chess\Chess.csproj", "{00179BFB-C49E-4C5D-8794-123D226AF9B4}"
EndProject
Project("{9A19103F-16F7-4668-BE54-9A1E7A4F7556}") = "EvenMassiv", "EvenMassiv\EvenMassiv.csproj", "{A96EA99D-DC2D-4AAE-BCBC-D71DBB514389}"
EndProject
Project("{9A19103F-16F7-4668-BE54-9A1E7A4F7556}") = "ArrayIndex", "ArrayIndex\ArrayIndex.csproj", "{4FC9AF9B-5D80-45DA-BAD4-31F85A31A526}"
EndProject
Project("{9A19103F-16F7-4668-BE54-9A1E7A4F7556}") = "ArrayCount", "ArrayCount\ArrayCount.csproj", "{D660B4F3-AE19-4907-A42F-515303E51FE8}"
EndProject
Project("{9A19103F-16F7-4668-BE54-9A1E7A4F7556}") = "ArrayInArray", "ArrayInArray\ArrayInArray.csproj", "{3F2B5B51-B3DB-4FB9-84A8-54B3CF3A5A5B}"
EndProject
Project("{9A19103F-16F7-4668-BE54-9A1E7A4F7556}") = "FunWithArrays", "FunWithArrays\FunWithArrays.csproj", "{9DBCFE18-956F-4DCD-B1AB-F33F3641D388}"
EndProject
Project("{9A19103F-16F7-4668-BE54-9A1E7A4F7556}") = "ArrayTaro", "ArrayTAro\ArrayTaro.csproj", "{6AE1039C-5AD5-4A6B-8204-2B195C927160}"
EndProject
Project("{9A19103F-16F7-4668-BE54-9A1E7A4F7556}") = "ArrayInPow", "ArrayInPow\ArrayInPow.csproj", "{8AB6A40E-36C5-4DF1-9359-956499F2295A}"
EndProject
Project("{9A19103F-16F7-4668-BE54-9A1E7A4F7556}") = "ArrayX0", "ArrayX0\ArrayX0.csproj", "{2E83CD2A-3253-47B9-AA01-68894B3056C7}"
EndProject
Project("{9A19103F-16F7-4668-BE54-9A1E7A4F7556}") = "ArrayMulti", "ArrayMulti\ArrayMulti.csproj", "{6034FC17-954A-4199-8A88-65ABACF4F64A}"
EndProject
Project("{9A19103F-16F7-4668-BE54-9A1E7A4F7556}") = "ListUnknown", "ListUnknown\ListUnknown.csproj", "{3B798471-DAFF-42D4-9149-A3E436512C63}"
EndProject
Project("{9A19103F-16F7-4668-BE54-9A1E7A4F7556}") = "ListUsefulFriends", "ListUsefulFriends\ListUsefulFriends.csproj", "{EBCDA4C7-FA52-49C6-94BA-85E496345564}"
EndProject
Project("{9A19103F-16F7-4668-BE54-9A1E7A4F7556}") = "Dictionary", "Dictionary\Dictionary.csproj", "{500B5706-D5E7-41D8-9445-4B8190A35231}"
EndProject
Project("{9A19103F-16F7-4668-BE54-9A1E7A4F7556}") = "StringBuilderTheory", "StringBuilderTheory\StringBuilderTheory.csproj", "{8F6EB27B-93CA-4430-A770-7D3CF49555AE}"
EndProject
Project("{9A19103F-16F7-4668-BE54-9A1E7A4F7556}") = "StringBuilderTask", "StringBuilderTask\StringBuilderTask.csproj", "{792AB1D1-454C-4AFE-978A-3DE00C3389EB}"
EndProject
Project("{2150E333-8FDC-42A3-9474-1A3956D46DE8}") = "OOP", "OOP", "{09B65100-7C85-4C52-9252-AB9383FDE749}"
EndProject
Project("{2150E333-8FDC-42A3-9474-1A3956D46DE8}") = "Base", "Base", "{322E320A-B6C1-4A91-ABBB-82B7AEBFFAED}"
EndProject
Project("{9A19103F-16F7-4668-BE54-9A1E7A4F7556}") = "Class_shortSynt", "Class_shortSynt\Class_shortSynt.csproj", "{196C2381-C65A-44E3-AEBD-0C1F0E76F09D}"
EndProject
Project("{9A19103F-16F7-4668-BE54-9A1E7A4F7556}") = "Class_Student", "Class_Student\Class_Student.csproj", "{496CDE78-1C2E-42E8-B9DD-E9898AD71913}"
EndProject
Project("{9A19103F-16F7-4668-BE54-9A1E7A4F7556}") = "Directory_Info", "DirectoryInfo\Directory_Info.csproj", "{756DC7D4-872A-4D1F-889F-98D2C2460A5F}"
EndProject
Project("{9A19103F-16F7-4668-BE54-9A1E7A4F7556}") = "Static", "Static\Static.csproj", "{74D5A305-CB21-4613-83ED-18852F9567FA}"
EndProject
Project("{9A19103F-16F7-4668-BE54-9A1E7A4F7556}") = "Static1_SuperBeautyImageFilter", "Static1_SuperBeautyImageFilter\Static1_SuperBeautyImageFilter.csproj", "{90BBB699-FB37-4893-BF1B-0E044A6EEDB1}"
EndProject
Project("{2150E333-8FDC-42A3-9474-1A3956D46DE8}") = "Inheritance", "Inheritance", "{2A21369C-A1BB-4246-9822-55F18F3DCB17}"
EndProject
Project("{9A19103F-16F7-4668-BE54-9A1E7A4F7556}") = "Inherit1", "Inherit1\Inherit1.csproj", "{B7AED43D-8B25-4C8B-902D-7EBAFA138E8B}"
EndProject
Project("{9A19103F-16F7-4668-BE54-9A1E7A4F7556}") = "InheritTransport", "Inherit2\InheritTransport.csproj", "{42606238-31EF-48DE-8844-D8B56EB5E738}"
EndProject
Project("{9A19103F-16F7-4668-BE54-9A1E7A4F7556}") = "TaskPrintAnyArray", "Print\TaskPrintAnyArray.csproj", "{FC3CAC7F-ED20-437F-BF13-2F2A73BADEC9}"
EndProject
Project("{9A19103F-16F7-4668-BE54-9A1E7A4F7556}") = "TaskInheritanceArray", "InheritanceArray\TaskInheritanceArray.csproj", "{61BB184D-B781-4B27-909F-6F83D39E1087}"
EndProject
Project("{FAE04EC0-301F-11D3-BF4B-00C04F79EFBC}") = "TaskAverageThree", "TaskAverageThree\TaskAverageThree.csproj", "{B8193C3B-F9B1-4E04-8ECF-4DFAF387A834}"
EndProject
Project("{FAE04EC0-301F-11D3-BF4B-00C04F79EFBC}") = "TaskMinArray", "TaskMinArray\TaskMinArray.csproj", "{B60BC249-37DB-452A-9691-2CF6D6567EF8}"
EndProject
Global
	GlobalSection(SolutionConfigurationPlatforms) = preSolution
		Debug|Any CPU = Debug|Any CPU
		Release|Any CPU = Release|Any CPU
	EndGlobalSection
	GlobalSection(ProjectConfigurationPlatforms) = postSolution
		{9569C26C-2C45-4409-B49A-EF2A3F72EDBC}.Debug|Any CPU.ActiveCfg = Debug|Any CPU
		{9569C26C-2C45-4409-B49A-EF2A3F72EDBC}.Debug|Any CPU.Build.0 = Debug|Any CPU
		{9569C26C-2C45-4409-B49A-EF2A3F72EDBC}.Release|Any CPU.ActiveCfg = Release|Any CPU
		{9569C26C-2C45-4409-B49A-EF2A3F72EDBC}.Release|Any CPU.Build.0 = Release|Any CPU
		{8B43C297-F663-47CA-8AC1-4E8D81841406}.Debug|Any CPU.ActiveCfg = Debug|Any CPU
		{8B43C297-F663-47CA-8AC1-4E8D81841406}.Debug|Any CPU.Build.0 = Debug|Any CPU
		{8B43C297-F663-47CA-8AC1-4E8D81841406}.Release|Any CPU.ActiveCfg = Release|Any CPU
		{8B43C297-F663-47CA-8AC1-4E8D81841406}.Release|Any CPU.Build.0 = Release|Any CPU
		{FF14213A-6B2F-485F-9C44-B6D0A87B085D}.Debug|Any CPU.ActiveCfg = Debug|Any CPU
		{FF14213A-6B2F-485F-9C44-B6D0A87B085D}.Debug|Any CPU.Build.0 = Debug|Any CPU
		{FF14213A-6B2F-485F-9C44-B6D0A87B085D}.Release|Any CPU.ActiveCfg = Release|Any CPU
		{FF14213A-6B2F-485F-9C44-B6D0A87B085D}.Release|Any CPU.Build.0 = Release|Any CPU
		{2AC1B284-147E-4483-AA08-956C16F352FC}.Debug|Any CPU.ActiveCfg = Debug|Any CPU
		{2AC1B284-147E-4483-AA08-956C16F352FC}.Debug|Any CPU.Build.0 = Debug|Any CPU
		{2AC1B284-147E-4483-AA08-956C16F352FC}.Release|Any CPU.ActiveCfg = Release|Any CPU
		{2AC1B284-147E-4483-AA08-956C16F352FC}.Release|Any CPU.Build.0 = Release|Any CPU
		{CA46D604-FC24-4CBC-B4A0-8BB5E22C05FF}.Debug|Any CPU.ActiveCfg = Debug|Any CPU
		{CA46D604-FC24-4CBC-B4A0-8BB5E22C05FF}.Debug|Any CPU.Build.0 = Debug|Any CPU
		{CA46D604-FC24-4CBC-B4A0-8BB5E22C05FF}.Release|Any CPU.ActiveCfg = Release|Any CPU
		{CA46D604-FC24-4CBC-B4A0-8BB5E22C05FF}.Release|Any CPU.Build.0 = Release|Any CPU
		{8614CBCD-E886-424A-8A20-24D25E9E67AE}.Debug|Any CPU.ActiveCfg = Debug|Any CPU
		{8614CBCD-E886-424A-8A20-24D25E9E67AE}.Debug|Any CPU.Build.0 = Debug|Any CPU
		{8614CBCD-E886-424A-8A20-24D25E9E67AE}.Release|Any CPU.ActiveCfg = Release|Any CPU
		{8614CBCD-E886-424A-8A20-24D25E9E67AE}.Release|Any CPU.Build.0 = Release|Any CPU
		{71CF2B26-76DE-42B2-BAF3-0125D9CBCF35}.Debug|Any CPU.ActiveCfg = Debug|Any CPU
		{71CF2B26-76DE-42B2-BAF3-0125D9CBCF35}.Debug|Any CPU.Build.0 = Debug|Any CPU
		{71CF2B26-76DE-42B2-BAF3-0125D9CBCF35}.Release|Any CPU.ActiveCfg = Release|Any CPU
		{71CF2B26-76DE-42B2-BAF3-0125D9CBCF35}.Release|Any CPU.Build.0 = Release|Any CPU
		{209CFB23-5466-471B-BB33-1968271E788C}.Debug|Any CPU.ActiveCfg = Debug|Any CPU
		{209CFB23-5466-471B-BB33-1968271E788C}.Debug|Any CPU.Build.0 = Debug|Any CPU
		{209CFB23-5466-471B-BB33-1968271E788C}.Release|Any CPU.ActiveCfg = Release|Any CPU
		{209CFB23-5466-471B-BB33-1968271E788C}.Release|Any CPU.Build.0 = Release|Any CPU
		{CA4C1B80-C842-40E9-8F26-54EBBA97DF56}.Debug|Any CPU.ActiveCfg = Debug|Any CPU
		{CA4C1B80-C842-40E9-8F26-54EBBA97DF56}.Debug|Any CPU.Build.0 = Debug|Any CPU
		{CA4C1B80-C842-40E9-8F26-54EBBA97DF56}.Release|Any CPU.ActiveCfg = Release|Any CPU
		{CA4C1B80-C842-40E9-8F26-54EBBA97DF56}.Release|Any CPU.Build.0 = Release|Any CPU
		{51DB7044-04E8-4A2D-9604-481FD4DDB4B3}.Debug|Any CPU.ActiveCfg = Debug|Any CPU
		{51DB7044-04E8-4A2D-9604-481FD4DDB4B3}.Debug|Any CPU.Build.0 = Debug|Any CPU
		{51DB7044-04E8-4A2D-9604-481FD4DDB4B3}.Release|Any CPU.ActiveCfg = Release|Any CPU
		{51DB7044-04E8-4A2D-9604-481FD4DDB4B3}.Release|Any CPU.Build.0 = Release|Any CPU
		{540359B6-B023-43C9-9DBF-E2AF562A3700}.Debug|Any CPU.ActiveCfg = Debug|Any CPU
		{540359B6-B023-43C9-9DBF-E2AF562A3700}.Debug|Any CPU.Build.0 = Debug|Any CPU
		{540359B6-B023-43C9-9DBF-E2AF562A3700}.Release|Any CPU.ActiveCfg = Release|Any CPU
		{540359B6-B023-43C9-9DBF-E2AF562A3700}.Release|Any CPU.Build.0 = Release|Any CPU
		{5E61999A-7DEE-4635-B61C-A1BD6EB572AF}.Debug|Any CPU.ActiveCfg = Debug|Any CPU
		{5E61999A-7DEE-4635-B61C-A1BD6EB572AF}.Debug|Any CPU.Build.0 = Debug|Any CPU
		{5E61999A-7DEE-4635-B61C-A1BD6EB572AF}.Release|Any CPU.ActiveCfg = Release|Any CPU
		{5E61999A-7DEE-4635-B61C-A1BD6EB572AF}.Release|Any CPU.Build.0 = Release|Any CPU
		{EB7AC161-72F7-4FA2-A685-828062D1BD11}.Debug|Any CPU.ActiveCfg = Debug|Any CPU
		{EB7AC161-72F7-4FA2-A685-828062D1BD11}.Debug|Any CPU.Build.0 = Debug|Any CPU
		{EB7AC161-72F7-4FA2-A685-828062D1BD11}.Release|Any CPU.ActiveCfg = Release|Any CPU
		{EB7AC161-72F7-4FA2-A685-828062D1BD11}.Release|Any CPU.Build.0 = Release|Any CPU
		{A9AE7515-6F9C-49AE-B434-62174663E872}.Debug|Any CPU.ActiveCfg = Debug|Any CPU
		{A9AE7515-6F9C-49AE-B434-62174663E872}.Debug|Any CPU.Build.0 = Debug|Any CPU
		{A9AE7515-6F9C-49AE-B434-62174663E872}.Release|Any CPU.ActiveCfg = Release|Any CPU
		{A9AE7515-6F9C-49AE-B434-62174663E872}.Release|Any CPU.Build.0 = Release|Any CPU
		{6810FBCA-3F7B-462F-83EF-97EDCC3A3F44}.Debug|Any CPU.ActiveCfg = Debug|Any CPU
		{6810FBCA-3F7B-462F-83EF-97EDCC3A3F44}.Debug|Any CPU.Build.0 = Debug|Any CPU
		{6810FBCA-3F7B-462F-83EF-97EDCC3A3F44}.Release|Any CPU.ActiveCfg = Release|Any CPU
		{6810FBCA-3F7B-462F-83EF-97EDCC3A3F44}.Release|Any CPU.Build.0 = Release|Any CPU
		{707D2582-22EC-43BF-AE54-C894E35A020C}.Debug|Any CPU.ActiveCfg = Debug|Any CPU
		{707D2582-22EC-43BF-AE54-C894E35A020C}.Debug|Any CPU.Build.0 = Debug|Any CPU
		{707D2582-22EC-43BF-AE54-C894E35A020C}.Release|Any CPU.ActiveCfg = Release|Any CPU
		{707D2582-22EC-43BF-AE54-C894E35A020C}.Release|Any CPU.Build.0 = Release|Any CPU
		{C60614C1-8521-41AC-81DD-9BE11F3986B3}.Debug|Any CPU.ActiveCfg = Debug|Any CPU
		{C60614C1-8521-41AC-81DD-9BE11F3986B3}.Debug|Any CPU.Build.0 = Debug|Any CPU
		{C60614C1-8521-41AC-81DD-9BE11F3986B3}.Release|Any CPU.ActiveCfg = Release|Any CPU
		{C60614C1-8521-41AC-81DD-9BE11F3986B3}.Release|Any CPU.Build.0 = Release|Any CPU
		{DF84F47E-15C6-4C61-B0BF-2950BB711665}.Debug|Any CPU.ActiveCfg = Debug|Any CPU
		{DF84F47E-15C6-4C61-B0BF-2950BB711665}.Debug|Any CPU.Build.0 = Debug|Any CPU
		{DF84F47E-15C6-4C61-B0BF-2950BB711665}.Release|Any CPU.ActiveCfg = Release|Any CPU
		{DF84F47E-15C6-4C61-B0BF-2950BB711665}.Release|Any CPU.Build.0 = Release|Any CPU
		{00179BFB-C49E-4C5D-8794-123D226AF9B4}.Debug|Any CPU.ActiveCfg = Debug|Any CPU
		{00179BFB-C49E-4C5D-8794-123D226AF9B4}.Debug|Any CPU.Build.0 = Debug|Any CPU
		{00179BFB-C49E-4C5D-8794-123D226AF9B4}.Release|Any CPU.ActiveCfg = Release|Any CPU
		{00179BFB-C49E-4C5D-8794-123D226AF9B4}.Release|Any CPU.Build.0 = Release|Any CPU
		{A96EA99D-DC2D-4AAE-BCBC-D71DBB514389}.Debug|Any CPU.ActiveCfg = Debug|Any CPU
		{A96EA99D-DC2D-4AAE-BCBC-D71DBB514389}.Debug|Any CPU.Build.0 = Debug|Any CPU
		{A96EA99D-DC2D-4AAE-BCBC-D71DBB514389}.Release|Any CPU.ActiveCfg = Release|Any CPU
		{A96EA99D-DC2D-4AAE-BCBC-D71DBB514389}.Release|Any CPU.Build.0 = Release|Any CPU
		{4FC9AF9B-5D80-45DA-BAD4-31F85A31A526}.Debug|Any CPU.ActiveCfg = Debug|Any CPU
		{4FC9AF9B-5D80-45DA-BAD4-31F85A31A526}.Debug|Any CPU.Build.0 = Debug|Any CPU
		{4FC9AF9B-5D80-45DA-BAD4-31F85A31A526}.Release|Any CPU.ActiveCfg = Release|Any CPU
		{4FC9AF9B-5D80-45DA-BAD4-31F85A31A526}.Release|Any CPU.Build.0 = Release|Any CPU
		{D660B4F3-AE19-4907-A42F-515303E51FE8}.Debug|Any CPU.ActiveCfg = Debug|Any CPU
		{D660B4F3-AE19-4907-A42F-515303E51FE8}.Debug|Any CPU.Build.0 = Debug|Any CPU
		{D660B4F3-AE19-4907-A42F-515303E51FE8}.Release|Any CPU.ActiveCfg = Release|Any CPU
		{D660B4F3-AE19-4907-A42F-515303E51FE8}.Release|Any CPU.Build.0 = Release|Any CPU
		{3F2B5B51-B3DB-4FB9-84A8-54B3CF3A5A5B}.Debug|Any CPU.ActiveCfg = Debug|Any CPU
		{3F2B5B51-B3DB-4FB9-84A8-54B3CF3A5A5B}.Debug|Any CPU.Build.0 = Debug|Any CPU
		{3F2B5B51-B3DB-4FB9-84A8-54B3CF3A5A5B}.Release|Any CPU.ActiveCfg = Release|Any CPU
		{3F2B5B51-B3DB-4FB9-84A8-54B3CF3A5A5B}.Release|Any CPU.Build.0 = Release|Any CPU
		{9DBCFE18-956F-4DCD-B1AB-F33F3641D388}.Debug|Any CPU.ActiveCfg = Debug|Any CPU
		{9DBCFE18-956F-4DCD-B1AB-F33F3641D388}.Debug|Any CPU.Build.0 = Debug|Any CPU
		{9DBCFE18-956F-4DCD-B1AB-F33F3641D388}.Release|Any CPU.ActiveCfg = Release|Any CPU
		{9DBCFE18-956F-4DCD-B1AB-F33F3641D388}.Release|Any CPU.Build.0 = Release|Any CPU
		{6AE1039C-5AD5-4A6B-8204-2B195C927160}.Debug|Any CPU.ActiveCfg = Debug|Any CPU
		{6AE1039C-5AD5-4A6B-8204-2B195C927160}.Debug|Any CPU.Build.0 = Debug|Any CPU
		{6AE1039C-5AD5-4A6B-8204-2B195C927160}.Release|Any CPU.ActiveCfg = Release|Any CPU
		{6AE1039C-5AD5-4A6B-8204-2B195C927160}.Release|Any CPU.Build.0 = Release|Any CPU
		{8AB6A40E-36C5-4DF1-9359-956499F2295A}.Debug|Any CPU.ActiveCfg = Debug|Any CPU
		{8AB6A40E-36C5-4DF1-9359-956499F2295A}.Debug|Any CPU.Build.0 = Debug|Any CPU
		{8AB6A40E-36C5-4DF1-9359-956499F2295A}.Release|Any CPU.ActiveCfg = Release|Any CPU
		{8AB6A40E-36C5-4DF1-9359-956499F2295A}.Release|Any CPU.Build.0 = Release|Any CPU
		{2E83CD2A-3253-47B9-AA01-68894B3056C7}.Debug|Any CPU.ActiveCfg = Debug|Any CPU
		{2E83CD2A-3253-47B9-AA01-68894B3056C7}.Debug|Any CPU.Build.0 = Debug|Any CPU
		{2E83CD2A-3253-47B9-AA01-68894B3056C7}.Release|Any CPU.ActiveCfg = Release|Any CPU
		{2E83CD2A-3253-47B9-AA01-68894B3056C7}.Release|Any CPU.Build.0 = Release|Any CPU
		{6034FC17-954A-4199-8A88-65ABACF4F64A}.Debug|Any CPU.ActiveCfg = Debug|Any CPU
		{6034FC17-954A-4199-8A88-65ABACF4F64A}.Debug|Any CPU.Build.0 = Debug|Any CPU
		{6034FC17-954A-4199-8A88-65ABACF4F64A}.Release|Any CPU.ActiveCfg = Release|Any CPU
		{6034FC17-954A-4199-8A88-65ABACF4F64A}.Release|Any CPU.Build.0 = Release|Any CPU
		{3B798471-DAFF-42D4-9149-A3E436512C63}.Debug|Any CPU.ActiveCfg = Debug|Any CPU
		{3B798471-DAFF-42D4-9149-A3E436512C63}.Debug|Any CPU.Build.0 = Debug|Any CPU
		{3B798471-DAFF-42D4-9149-A3E436512C63}.Release|Any CPU.ActiveCfg = Release|Any CPU
		{3B798471-DAFF-42D4-9149-A3E436512C63}.Release|Any CPU.Build.0 = Release|Any CPU
		{EBCDA4C7-FA52-49C6-94BA-85E496345564}.Debug|Any CPU.ActiveCfg = Debug|Any CPU
		{EBCDA4C7-FA52-49C6-94BA-85E496345564}.Debug|Any CPU.Build.0 = Debug|Any CPU
		{EBCDA4C7-FA52-49C6-94BA-85E496345564}.Release|Any CPU.ActiveCfg = Release|Any CPU
		{EBCDA4C7-FA52-49C6-94BA-85E496345564}.Release|Any CPU.Build.0 = Release|Any CPU
		{500B5706-D5E7-41D8-9445-4B8190A35231}.Debug|Any CPU.ActiveCfg = Debug|Any CPU
		{500B5706-D5E7-41D8-9445-4B8190A35231}.Debug|Any CPU.Build.0 = Debug|Any CPU
		{500B5706-D5E7-41D8-9445-4B8190A35231}.Release|Any CPU.ActiveCfg = Release|Any CPU
		{500B5706-D5E7-41D8-9445-4B8190A35231}.Release|Any CPU.Build.0 = Release|Any CPU
		{8F6EB27B-93CA-4430-A770-7D3CF49555AE}.Debug|Any CPU.ActiveCfg = Debug|Any CPU
		{8F6EB27B-93CA-4430-A770-7D3CF49555AE}.Debug|Any CPU.Build.0 = Debug|Any CPU
		{8F6EB27B-93CA-4430-A770-7D3CF49555AE}.Release|Any CPU.ActiveCfg = Release|Any CPU
		{8F6EB27B-93CA-4430-A770-7D3CF49555AE}.Release|Any CPU.Build.0 = Release|Any CPU
		{792AB1D1-454C-4AFE-978A-3DE00C3389EB}.Debug|Any CPU.ActiveCfg = Debug|Any CPU
		{792AB1D1-454C-4AFE-978A-3DE00C3389EB}.Debug|Any CPU.Build.0 = Debug|Any CPU
		{792AB1D1-454C-4AFE-978A-3DE00C3389EB}.Release|Any CPU.ActiveCfg = Release|Any CPU
		{792AB1D1-454C-4AFE-978A-3DE00C3389EB}.Release|Any CPU.Build.0 = Release|Any CPU
		{196C2381-C65A-44E3-AEBD-0C1F0E76F09D}.Debug|Any CPU.ActiveCfg = Debug|Any CPU
		{196C2381-C65A-44E3-AEBD-0C1F0E76F09D}.Debug|Any CPU.Build.0 = Debug|Any CPU
		{196C2381-C65A-44E3-AEBD-0C1F0E76F09D}.Release|Any CPU.ActiveCfg = Release|Any CPU
		{196C2381-C65A-44E3-AEBD-0C1F0E76F09D}.Release|Any CPU.Build.0 = Release|Any CPU
		{496CDE78-1C2E-42E8-B9DD-E9898AD71913}.Debug|Any CPU.ActiveCfg = Debug|Any CPU
		{496CDE78-1C2E-42E8-B9DD-E9898AD71913}.Debug|Any CPU.Build.0 = Debug|Any CPU
		{496CDE78-1C2E-42E8-B9DD-E9898AD71913}.Release|Any CPU.ActiveCfg = Release|Any CPU
		{496CDE78-1C2E-42E8-B9DD-E9898AD71913}.Release|Any CPU.Build.0 = Release|Any CPU
		{756DC7D4-872A-4D1F-889F-98D2C2460A5F}.Debug|Any CPU.ActiveCfg = Debug|Any CPU
		{756DC7D4-872A-4D1F-889F-98D2C2460A5F}.Debug|Any CPU.Build.0 = Debug|Any CPU
		{756DC7D4-872A-4D1F-889F-98D2C2460A5F}.Release|Any CPU.ActiveCfg = Release|Any CPU
		{756DC7D4-872A-4D1F-889F-98D2C2460A5F}.Release|Any CPU.Build.0 = Release|Any CPU
		{74D5A305-CB21-4613-83ED-18852F9567FA}.Debug|Any CPU.ActiveCfg = Debug|Any CPU
		{74D5A305-CB21-4613-83ED-18852F9567FA}.Debug|Any CPU.Build.0 = Debug|Any CPU
		{74D5A305-CB21-4613-83ED-18852F9567FA}.Release|Any CPU.ActiveCfg = Release|Any CPU
		{74D5A305-CB21-4613-83ED-18852F9567FA}.Release|Any CPU.Build.0 = Release|Any CPU
		{90BBB699-FB37-4893-BF1B-0E044A6EEDB1}.Debug|Any CPU.ActiveCfg = Debug|Any CPU
		{90BBB699-FB37-4893-BF1B-0E044A6EEDB1}.Debug|Any CPU.Build.0 = Debug|Any CPU
		{90BBB699-FB37-4893-BF1B-0E044A6EEDB1}.Release|Any CPU.ActiveCfg = Release|Any CPU
		{90BBB699-FB37-4893-BF1B-0E044A6EEDB1}.Release|Any CPU.Build.0 = Release|Any CPU
		{B7AED43D-8B25-4C8B-902D-7EBAFA138E8B}.Debug|Any CPU.ActiveCfg = Debug|Any CPU
		{B7AED43D-8B25-4C8B-902D-7EBAFA138E8B}.Debug|Any CPU.Build.0 = Debug|Any CPU
		{B7AED43D-8B25-4C8B-902D-7EBAFA138E8B}.Release|Any CPU.ActiveCfg = Release|Any CPU
		{B7AED43D-8B25-4C8B-902D-7EBAFA138E8B}.Release|Any CPU.Build.0 = Release|Any CPU
		{42606238-31EF-48DE-8844-D8B56EB5E738}.Debug|Any CPU.ActiveCfg = Debug|Any CPU
		{42606238-31EF-48DE-8844-D8B56EB5E738}.Debug|Any CPU.Build.0 = Debug|Any CPU
		{42606238-31EF-48DE-8844-D8B56EB5E738}.Release|Any CPU.ActiveCfg = Release|Any CPU
		{42606238-31EF-48DE-8844-D8B56EB5E738}.Release|Any CPU.Build.0 = Release|Any CPU
		{FC3CAC7F-ED20-437F-BF13-2F2A73BADEC9}.Debug|Any CPU.ActiveCfg = Debug|Any CPU
		{FC3CAC7F-ED20-437F-BF13-2F2A73BADEC9}.Debug|Any CPU.Build.0 = Debug|Any CPU
		{FC3CAC7F-ED20-437F-BF13-2F2A73BADEC9}.Release|Any CPU.ActiveCfg = Release|Any CPU
		{FC3CAC7F-ED20-437F-BF13-2F2A73BADEC9}.Release|Any CPU.Build.0 = Release|Any CPU
		{61BB184D-B781-4B27-909F-6F83D39E1087}.Debug|Any CPU.ActiveCfg = Debug|Any CPU
		{61BB184D-B781-4B27-909F-6F83D39E1087}.Debug|Any CPU.Build.0 = Debug|Any CPU
		{61BB184D-B781-4B27-909F-6F83D39E1087}.Release|Any CPU.ActiveCfg = Release|Any CPU
		{61BB184D-B781-4B27-909F-6F83D39E1087}.Release|Any CPU.Build.0 = Release|Any CPU
		{B8193C3B-F9B1-4E04-8ECF-4DFAF387A834}.Debug|Any CPU.ActiveCfg = Debug|Any CPU
		{B8193C3B-F9B1-4E04-8ECF-4DFAF387A834}.Debug|Any CPU.Build.0 = Debug|Any CPU
		{B8193C3B-F9B1-4E04-8ECF-4DFAF387A834}.Release|Any CPU.ActiveCfg = Release|Any CPU
		{B8193C3B-F9B1-4E04-8ECF-4DFAF387A834}.Release|Any CPU.Build.0 = Release|Any CPU
		{B60BC249-37DB-452A-9691-2CF6D6567EF8}.Debug|Any CPU.ActiveCfg = Debug|Any CPU
		{B60BC249-37DB-452A-9691-2CF6D6567EF8}.Debug|Any CPU.Build.0 = Debug|Any CPU
		{B60BC249-37DB-452A-9691-2CF6D6567EF8}.Release|Any CPU.ActiveCfg = Release|Any CPU
		{B60BC249-37DB-452A-9691-2CF6D6567EF8}.Release|Any CPU.Build.0 = Release|Any CPU
	EndGlobalSection
	GlobalSection(SolutionProperties) = preSolution
		HideSolutionNode = FALSE
	EndGlobalSection
	GlobalSection(NestedProjects) = preSolution
		{9569C26C-2C45-4409-B49A-EF2A3F72EDBC} = {322E320A-B6C1-4A91-ABBB-82B7AEBFFAED}
		{8B43C297-F663-47CA-8AC1-4E8D81841406} = {322E320A-B6C1-4A91-ABBB-82B7AEBFFAED}
		{FF14213A-6B2F-485F-9C44-B6D0A87B085D} = {322E320A-B6C1-4A91-ABBB-82B7AEBFFAED}
		{2AC1B284-147E-4483-AA08-956C16F352FC} = {322E320A-B6C1-4A91-ABBB-82B7AEBFFAED}
		{CA46D604-FC24-4CBC-B4A0-8BB5E22C05FF} = {322E320A-B6C1-4A91-ABBB-82B7AEBFFAED}
		{8614CBCD-E886-424A-8A20-24D25E9E67AE} = {322E320A-B6C1-4A91-ABBB-82B7AEBFFAED}
		{71CF2B26-76DE-42B2-BAF3-0125D9CBCF35} = {322E320A-B6C1-4A91-ABBB-82B7AEBFFAED}
		{209CFB23-5466-471B-BB33-1968271E788C} = {322E320A-B6C1-4A91-ABBB-82B7AEBFFAED}
		{CA4C1B80-C842-40E9-8F26-54EBBA97DF56} = {322E320A-B6C1-4A91-ABBB-82B7AEBFFAED}
		{51DB7044-04E8-4A2D-9604-481FD4DDB4B3} = {322E320A-B6C1-4A91-ABBB-82B7AEBFFAED}
		{540359B6-B023-43C9-9DBF-E2AF562A3700} = {322E320A-B6C1-4A91-ABBB-82B7AEBFFAED}
		{5E61999A-7DEE-4635-B61C-A1BD6EB572AF} = {322E320A-B6C1-4A91-ABBB-82B7AEBFFAED}
		{EB7AC161-72F7-4FA2-A685-828062D1BD11} = {322E320A-B6C1-4A91-ABBB-82B7AEBFFAED}
		{A9AE7515-6F9C-49AE-B434-62174663E872} = {322E320A-B6C1-4A91-ABBB-82B7AEBFFAED}
		{6810FBCA-3F7B-462F-83EF-97EDCC3A3F44} = {322E320A-B6C1-4A91-ABBB-82B7AEBFFAED}
		{707D2582-22EC-43BF-AE54-C894E35A020C} = {322E320A-B6C1-4A91-ABBB-82B7AEBFFAED}
		{C60614C1-8521-41AC-81DD-9BE11F3986B3} = {322E320A-B6C1-4A91-ABBB-82B7AEBFFAED}
		{DF84F47E-15C6-4C61-B0BF-2950BB711665} = {322E320A-B6C1-4A91-ABBB-82B7AEBFFAED}
		{00179BFB-C49E-4C5D-8794-123D226AF9B4} = {322E320A-B6C1-4A91-ABBB-82B7AEBFFAED}
		{A96EA99D-DC2D-4AAE-BCBC-D71DBB514389} = {322E320A-B6C1-4A91-ABBB-82B7AEBFFAED}
		{4FC9AF9B-5D80-45DA-BAD4-31F85A31A526} = {322E320A-B6C1-4A91-ABBB-82B7AEBFFAED}
		{D660B4F3-AE19-4907-A42F-515303E51FE8} = {322E320A-B6C1-4A91-ABBB-82B7AEBFFAED}
		{3F2B5B51-B3DB-4FB9-84A8-54B3CF3A5A5B} = {322E320A-B6C1-4A91-ABBB-82B7AEBFFAED}
		{9DBCFE18-956F-4DCD-B1AB-F33F3641D388} = {322E320A-B6C1-4A91-ABBB-82B7AEBFFAED}
		{6AE1039C-5AD5-4A6B-8204-2B195C927160} = {322E320A-B6C1-4A91-ABBB-82B7AEBFFAED}
		{8AB6A40E-36C5-4DF1-9359-956499F2295A} = {322E320A-B6C1-4A91-ABBB-82B7AEBFFAED}
		{2E83CD2A-3253-47B9-AA01-68894B3056C7} = {322E320A-B6C1-4A91-ABBB-82B7AEBFFAED}
		{6034FC17-954A-4199-8A88-65ABACF4F64A} = {322E320A-B6C1-4A91-ABBB-82B7AEBFFAED}
		{3B798471-DAFF-42D4-9149-A3E436512C63} = {322E320A-B6C1-4A91-ABBB-82B7AEBFFAED}
		{EBCDA4C7-FA52-49C6-94BA-85E496345564} = {322E320A-B6C1-4A91-ABBB-82B7AEBFFAED}
		{500B5706-D5E7-41D8-9445-4B8190A35231} = {322E320A-B6C1-4A91-ABBB-82B7AEBFFAED}
		{8F6EB27B-93CA-4430-A770-7D3CF49555AE} = {322E320A-B6C1-4A91-ABBB-82B7AEBFFAED}
		{792AB1D1-454C-4AFE-978A-3DE00C3389EB} = {322E320A-B6C1-4A91-ABBB-82B7AEBFFAED}
		{196C2381-C65A-44E3-AEBD-0C1F0E76F09D} = {09B65100-7C85-4C52-9252-AB9383FDE749}
		{496CDE78-1C2E-42E8-B9DD-E9898AD71913} = {09B65100-7C85-4C52-9252-AB9383FDE749}
		{756DC7D4-872A-4D1F-889F-98D2C2460A5F} = {09B65100-7C85-4C52-9252-AB9383FDE749}
		{74D5A305-CB21-4613-83ED-18852F9567FA} = {09B65100-7C85-4C52-9252-AB9383FDE749}
		{90BBB699-FB37-4893-BF1B-0E044A6EEDB1} = {09B65100-7C85-4C52-9252-AB9383FDE749}
		{2A21369C-A1BB-4246-9822-55F18F3DCB17} = {09B65100-7C85-4C52-9252-AB9383FDE749}
		{B7AED43D-8B25-4C8B-902D-7EBAFA138E8B} = {2A21369C-A1BB-4246-9822-55F18F3DCB17}
		{42606238-31EF-48DE-8844-D8B56EB5E738} = {2A21369C-A1BB-4246-9822-55F18F3DCB17}
		{FC3CAC7F-ED20-437F-BF13-2F2A73BADEC9} = {2A21369C-A1BB-4246-9822-55F18F3DCB17}
		{61BB184D-B781-4B27-909F-6F83D39E1087} = {2A21369C-A1BB-4246-9822-55F18F3DCB17}
		{B8193C3B-F9B1-4E04-8ECF-4DFAF387A834} = {2A21369C-A1BB-4246-9822-55F18F3DCB17}
		{B60BC249-37DB-452A-9691-2CF6D6567EF8} = {2A21369C-A1BB-4246-9822-55F18F3DCB17}
	EndGlobalSection
	GlobalSection(ExtensibilityGlobals) = postSolution
		SolutionGuid = {5D2BF972-94CC-476B-B730-7CF6A7E874E8}
	EndGlobalSection
EndGlobal
